
Microsoft Visual Studio Solution File, Format Version 12.00
# Visual Studio Version 16
VisualStudioVersion = 16.0.28922.388
MinimumVisualStudioVersion = 10.0.40219.1
Project("{FAE04EC0-301F-11D3-BF4B-00C04F79EFBC}") = "WILL_Project", "WILL_Project\WILL_Project.csproj", "{DB5EE328-55D5-48EC-9FEA-2CF80152B312}"
EndProject
Global
	GlobalSection(SolutionConfigurationPlatforms) = preSolution
		Debug|Any CPU = Debug|Any CPU
		Release|Any CPU = Release|Any CPU
	EndGlobalSection
	GlobalSection(ProjectConfigurationPlatforms) = postSolution
		{DB5EE328-55D5-48EC-9FEA-2CF80152B312}.Debug|Any CPU.ActiveCfg = Debug|Any CPU
		{DB5EE328-55D5-48EC-9FEA-2CF80152B312}.Debug|Any CPU.Build.0 = Debug|Any CPU
		{DB5EE328-55D5-48EC-9FEA-2CF80152B312}.Release|Any CPU.ActiveCfg = Release|Any CPU
		{DB5EE328-55D5-48EC-9FEA-2CF80152B312}.Release|Any CPU.Build.0 = Release|Any CPU
	EndGlobalSection
	GlobalSection(SolutionProperties) = preSolution
		HideSolutionNode = FALSE
	EndGlobalSection
	GlobalSection(ExtensibilityGlobals) = postSolution
		SolutionGuid = {50F38A42-3101-428E-A71D-8682035AEF5F}
	EndGlobalSection
EndGlobal
